
Microsoft Visual Studio Solution File, Format Version 12.00
# Visual Studio 15
VisualStudioVersion = 15.0.27703.2042
MinimumVisualStudioVersion = 10.0.40219.1
Project("{FAE04EC0-301F-11D3-BF4B-00C04F79EFBC}") = "Eager_Lazy_LoadingEg", "Eager_Lazy_LoadingEg\Eager_Lazy_LoadingEg.csproj", "{F87993CB-A112-4FC2-A435-29CE0C8E440D}"
EndProject
Global
	GlobalSection(SolutionConfigurationPlatforms) = preSolution
		Debug|Any CPU = Debug|Any CPU
		Release|Any CPU = Release|Any CPU
	EndGlobalSection
	GlobalSection(ProjectConfigurationPlatforms) = postSolution
		{F87993CB-A112-4FC2-A435-29CE0C8E440D}.Debug|Any CPU.ActiveCfg = Debug|Any CPU
		{F87993CB-A112-4FC2-A435-29CE0C8E440D}.Debug|Any CPU.Build.0 = Debug|Any CPU
		{F87993CB-A112-4FC2-A435-29CE0C8E440D}.Release|Any CPU.ActiveCfg = Release|Any CPU
		{F87993CB-A112-4FC2-A435-29CE0C8E440D}.Release|Any CPU.Build.0 = Release|Any CPU
	EndGlobalSection
	GlobalSection(SolutionProperties) = preSolution
		HideSolutionNode = FALSE
	EndGlobalSection
	GlobalSection(ExtensibilityGlobals) = postSolution
		SolutionGuid = {AC06399F-259B-42F8-9C79-78D17CE26942}
	EndGlobalSection
EndGlobal
