
Microsoft Visual Studio Solution File, Format Version 12.00
# Visual Studio 15
VisualStudioVersion = 15.0.27703.2042
MinimumVisualStudioVersion = 10.0.40219.1
Project("{FAE04EC0-301F-11D3-BF4B-00C04F79EFBC}") = "JavascriptEg", "JavascriptEg\JavascriptEg.csproj", "{C89EE6D7-915F-4734-A90B-C8F1C947AC43}"
EndProject
Project("{FAE04EC0-301F-11D3-BF4B-00C04F79EFBC}") = "BootstrapEg", "BootstrapEg\BootstrapEg.csproj", "{3A20E7F1-A5D1-417B-9C63-CE4B39F68CF1}"
EndProject
Project("{FAE04EC0-301F-11D3-BF4B-00C04F79EFBC}") = "JQueryEg", "JQueryEg\JQueryEg.csproj", "{15669094-1330-4D2D-87AF-D7BD9A449B28}"
EndProject
Global
	GlobalSection(SolutionConfigurationPlatforms) = preSolution
		Debug|Any CPU = Debug|Any CPU
		Release|Any CPU = Release|Any CPU
	EndGlobalSection
	GlobalSection(ProjectConfigurationPlatforms) = postSolution
		{C89EE6D7-915F-4734-A90B-C8F1C947AC43}.Debug|Any CPU.ActiveCfg = Debug|Any CPU
		{C89EE6D7-915F-4734-A90B-C8F1C947AC43}.Debug|Any CPU.Build.0 = Debug|Any CPU
		{C89EE6D7-915F-4734-A90B-C8F1C947AC43}.Release|Any CPU.ActiveCfg = Release|Any CPU
		{C89EE6D7-915F-4734-A90B-C8F1C947AC43}.Release|Any CPU.Build.0 = Release|Any CPU
		{3A20E7F1-A5D1-417B-9C63-CE4B39F68CF1}.Debug|Any CPU.ActiveCfg = Debug|Any CPU
		{3A20E7F1-A5D1-417B-9C63-CE4B39F68CF1}.Debug|Any CPU.Build.0 = Debug|Any CPU
		{3A20E7F1-A5D1-417B-9C63-CE4B39F68CF1}.Release|Any CPU.ActiveCfg = Release|Any CPU
		{3A20E7F1-A5D1-417B-9C63-CE4B39F68CF1}.Release|Any CPU.Build.0 = Release|Any CPU
		{15669094-1330-4D2D-87AF-D7BD9A449B28}.Debug|Any CPU.ActiveCfg = Debug|Any CPU
		{15669094-1330-4D2D-87AF-D7BD9A449B28}.Debug|Any CPU.Build.0 = Debug|Any CPU
		{15669094-1330-4D2D-87AF-D7BD9A449B28}.Release|Any CPU.ActiveCfg = Release|Any CPU
		{15669094-1330-4D2D-87AF-D7BD9A449B28}.Release|Any CPU.Build.0 = Release|Any CPU
	EndGlobalSection
	GlobalSection(SolutionProperties) = preSolution
		HideSolutionNode = FALSE
	EndGlobalSection
	GlobalSection(ExtensibilityGlobals) = postSolution
		SolutionGuid = {54244C9F-98A7-4188-A2EF-575B8243E71B}
	EndGlobalSection
EndGlobal
