
Microsoft Visual Studio Solution File, Format Version 12.00
# Visual Studio 15
VisualStudioVersion = 15.0.27703.2042
MinimumVisualStudioVersion = 10.0.40219.1
Project("{FAE04EC0-301F-11D3-BF4B-00C04F79EFBC}") = "prjMVCFirstApplication", "prjMVCFirstApplication\prjMVCFirstApplication.csproj", "{C0A9D832-4DD5-4C16-B2FE-9D8A0907230B}"
EndProject
Global
	GlobalSection(SolutionConfigurationPlatforms) = preSolution
		Debug|Any CPU = Debug|Any CPU
		Release|Any CPU = Release|Any CPU
	EndGlobalSection
	GlobalSection(ProjectConfigurationPlatforms) = postSolution
		{C0A9D832-4DD5-4C16-B2FE-9D8A0907230B}.Debug|Any CPU.ActiveCfg = Debug|Any CPU
		{C0A9D832-4DD5-4C16-B2FE-9D8A0907230B}.Debug|Any CPU.Build.0 = Debug|Any CPU
		{C0A9D832-4DD5-4C16-B2FE-9D8A0907230B}.Release|Any CPU.ActiveCfg = Release|Any CPU
		{C0A9D832-4DD5-4C16-B2FE-9D8A0907230B}.Release|Any CPU.Build.0 = Release|Any CPU
	EndGlobalSection
	GlobalSection(SolutionProperties) = preSolution
		HideSolutionNode = FALSE
	EndGlobalSection
	GlobalSection(ExtensibilityGlobals) = postSolution
		SolutionGuid = {85F563A8-8AF2-4A80-B631-69F5E696CC69}
	EndGlobalSection
EndGlobal
