
Microsoft Visual Studio Solution File, Format Version 12.00
# Visual Studio 15
VisualStudioVersion = 15.0.27703.2042
MinimumVisualStudioVersion = 10.0.40219.1
Project("{FAE04EC0-301F-11D3-BF4B-00C04F79EFBC}") = "ConnectedArchitectureEg", "ConnectedArchitectureEg\ConnectedArchitectureEg.csproj", "{7E69AE68-4B06-4A8D-94EA-AB0966A4B268}"
EndProject
Global
	GlobalSection(SolutionConfigurationPlatforms) = preSolution
		Debug|Any CPU = Debug|Any CPU
		Release|Any CPU = Release|Any CPU
	EndGlobalSection
	GlobalSection(ProjectConfigurationPlatforms) = postSolution
		{7E69AE68-4B06-4A8D-94EA-AB0966A4B268}.Debug|Any CPU.ActiveCfg = Debug|Any CPU
		{7E69AE68-4B06-4A8D-94EA-AB0966A4B268}.Debug|Any CPU.Build.0 = Debug|Any CPU
		{7E69AE68-4B06-4A8D-94EA-AB0966A4B268}.Release|Any CPU.ActiveCfg = Release|Any CPU
		{7E69AE68-4B06-4A8D-94EA-AB0966A4B268}.Release|Any CPU.Build.0 = Release|Any CPU
	EndGlobalSection
	GlobalSection(SolutionProperties) = preSolution
		HideSolutionNode = FALSE
	EndGlobalSection
	GlobalSection(ExtensibilityGlobals) = postSolution
		SolutionGuid = {BA27D655-C42E-4E17-BB3C-FF9DF76AA6BD}
	EndGlobalSection
EndGlobal
