
Microsoft Visual Studio Solution File, Format Version 12.00
# Visual Studio 15
VisualStudioVersion = 15.0.27703.2042
MinimumVisualStudioVersion = 10.0.40219.1
Project("{FAE04EC0-301F-11D3-BF4B-00C04F79EFBC}") = "Csharp-Basics", "Csharp-Basics\Csharp-Basics.csproj", "{30369E94-2D68-4C26-BDDE-CD523FC926B2}"
EndProject
Project("{FAE04EC0-301F-11D3-BF4B-00C04F79EFBC}") = "MethodsEg", "MethodsEg\MethodsEg.csproj", "{856A2D1F-A49C-4F45-A114-AC71E939E463}"
EndProject
Global
	GlobalSection(SolutionConfigurationPlatforms) = preSolution
		Debug|Any CPU = Debug|Any CPU
		Release|Any CPU = Release|Any CPU
	EndGlobalSection
	GlobalSection(ProjectConfigurationPlatforms) = postSolution
		{30369E94-2D68-4C26-BDDE-CD523FC926B2}.Debug|Any CPU.ActiveCfg = Debug|Any CPU
		{30369E94-2D68-4C26-BDDE-CD523FC926B2}.Debug|Any CPU.Build.0 = Debug|Any CPU
		{30369E94-2D68-4C26-BDDE-CD523FC926B2}.Release|Any CPU.ActiveCfg = Release|Any CPU
		{30369E94-2D68-4C26-BDDE-CD523FC926B2}.Release|Any CPU.Build.0 = Release|Any CPU
		{856A2D1F-A49C-4F45-A114-AC71E939E463}.Debug|Any CPU.ActiveCfg = Debug|Any CPU
		{856A2D1F-A49C-4F45-A114-AC71E939E463}.Debug|Any CPU.Build.0 = Debug|Any CPU
		{856A2D1F-A49C-4F45-A114-AC71E939E463}.Release|Any CPU.ActiveCfg = Release|Any CPU
		{856A2D1F-A49C-4F45-A114-AC71E939E463}.Release|Any CPU.Build.0 = Release|Any CPU
	EndGlobalSection
	GlobalSection(SolutionProperties) = preSolution
		HideSolutionNode = FALSE
	EndGlobalSection
	GlobalSection(ExtensibilityGlobals) = postSolution
		SolutionGuid = {E45653EC-6B9A-4A96-A4F4-251B0863E129}
	EndGlobalSection
EndGlobal
