
Microsoft Visual Studio Solution File, Format Version 12.00
# Visual Studio 15
VisualStudioVersion = 15.0.27703.2042
MinimumVisualStudioVersion = 10.0.40219.1
Project("{FAE04EC0-301F-11D3-BF4B-00C04F79EFBC}") = "prjWebAPIFirstapp", "prjWebAPIFirstapp\prjWebAPIFirstapp.csproj", "{003C1C1A-B636-43FF-AF3A-57D5A2B7B837}"
EndProject
Global
	GlobalSection(SolutionConfigurationPlatforms) = preSolution
		Debug|Any CPU = Debug|Any CPU
		Release|Any CPU = Release|Any CPU
	EndGlobalSection
	GlobalSection(ProjectConfigurationPlatforms) = postSolution
		{003C1C1A-B636-43FF-AF3A-57D5A2B7B837}.Debug|Any CPU.ActiveCfg = Debug|Any CPU
		{003C1C1A-B636-43FF-AF3A-57D5A2B7B837}.Debug|Any CPU.Build.0 = Debug|Any CPU
		{003C1C1A-B636-43FF-AF3A-57D5A2B7B837}.Release|Any CPU.ActiveCfg = Release|Any CPU
		{003C1C1A-B636-43FF-AF3A-57D5A2B7B837}.Release|Any CPU.Build.0 = Release|Any CPU
	EndGlobalSection
	GlobalSection(SolutionProperties) = preSolution
		HideSolutionNode = FALSE
	EndGlobalSection
	GlobalSection(ExtensibilityGlobals) = postSolution
		SolutionGuid = {CA110989-E8B2-4450-96DE-9CBFF7563F9B}
	EndGlobalSection
EndGlobal
