
Microsoft Visual Studio Solution File, Format Version 12.00
# Visual Studio 15
VisualStudioVersion = 15.0.27703.2042
MinimumVisualStudioVersion = 10.0.40219.1
Project("{FAE04EC0-301F-11D3-BF4B-00C04F79EFBC}") = "prjWebApiSecondapp", "prjWebApiSecondapp\prjWebApiSecondapp.csproj", "{E7EB8DCC-4024-4C8E-91B8-2CF15A74472E}"
EndProject
Global
	GlobalSection(SolutionConfigurationPlatforms) = preSolution
		Debug|Any CPU = Debug|Any CPU
		Release|Any CPU = Release|Any CPU
	EndGlobalSection
	GlobalSection(ProjectConfigurationPlatforms) = postSolution
		{E7EB8DCC-4024-4C8E-91B8-2CF15A74472E}.Debug|Any CPU.ActiveCfg = Debug|Any CPU
		{E7EB8DCC-4024-4C8E-91B8-2CF15A74472E}.Debug|Any CPU.Build.0 = Debug|Any CPU
		{E7EB8DCC-4024-4C8E-91B8-2CF15A74472E}.Release|Any CPU.ActiveCfg = Release|Any CPU
		{E7EB8DCC-4024-4C8E-91B8-2CF15A74472E}.Release|Any CPU.Build.0 = Release|Any CPU
	EndGlobalSection
	GlobalSection(SolutionProperties) = preSolution
		HideSolutionNode = FALSE
	EndGlobalSection
	GlobalSection(ExtensibilityGlobals) = postSolution
		SolutionGuid = {DDDBAD99-E656-4373-8898-5FA1A4862B50}
	EndGlobalSection
EndGlobal
