
Microsoft Visual Studio Solution File, Format Version 12.00
# Visual Studio 15
VisualStudioVersion = 15.0.27703.2035
MinimumVisualStudioVersion = 10.0.40219.1
Project("{FAE04EC0-301F-11D3-BF4B-00C04F79EFBC}") = "stateexamples", "stateexamples\stateexamples.csproj", "{2060CE13-FE88-467D-AB88-F869E7C32A5B}"
EndProject
Global
	GlobalSection(SolutionConfigurationPlatforms) = preSolution
		Debug|Any CPU = Debug|Any CPU
		Release|Any CPU = Release|Any CPU
	EndGlobalSection
	GlobalSection(ProjectConfigurationPlatforms) = postSolution
		{2060CE13-FE88-467D-AB88-F869E7C32A5B}.Debug|Any CPU.ActiveCfg = Debug|Any CPU
		{2060CE13-FE88-467D-AB88-F869E7C32A5B}.Debug|Any CPU.Build.0 = Debug|Any CPU
		{2060CE13-FE88-467D-AB88-F869E7C32A5B}.Release|Any CPU.ActiveCfg = Release|Any CPU
		{2060CE13-FE88-467D-AB88-F869E7C32A5B}.Release|Any CPU.Build.0 = Release|Any CPU
	EndGlobalSection
	GlobalSection(SolutionProperties) = preSolution
		HideSolutionNode = FALSE
	EndGlobalSection
	GlobalSection(ExtensibilityGlobals) = postSolution
		SolutionGuid = {6FCA9C66-336C-43AD-8C1C-542E1054BA31}
	EndGlobalSection
EndGlobal
