
Microsoft Visual Studio Solution File, Format Version 12.00
# Visual Studio 15
VisualStudioVersion = 15.0.27703.2035
MinimumVisualStudioVersion = 10.0.40219.1
Project("{FAE04EC0-301F-11D3-BF4B-00C04F79EFBC}") = "CustomHelper", "CustomHelper\CustomHelper.csproj", "{06F35E9E-5B4D-4977-8152-2A6DD1D8D2B3}"
EndProject
Global
	GlobalSection(SolutionConfigurationPlatforms) = preSolution
		Debug|Any CPU = Debug|Any CPU
		Release|Any CPU = Release|Any CPU
	EndGlobalSection
	GlobalSection(ProjectConfigurationPlatforms) = postSolution
		{06F35E9E-5B4D-4977-8152-2A6DD1D8D2B3}.Debug|Any CPU.ActiveCfg = Debug|Any CPU
		{06F35E9E-5B4D-4977-8152-2A6DD1D8D2B3}.Debug|Any CPU.Build.0 = Debug|Any CPU
		{06F35E9E-5B4D-4977-8152-2A6DD1D8D2B3}.Release|Any CPU.ActiveCfg = Release|Any CPU
		{06F35E9E-5B4D-4977-8152-2A6DD1D8D2B3}.Release|Any CPU.Build.0 = Release|Any CPU
	EndGlobalSection
	GlobalSection(SolutionProperties) = preSolution
		HideSolutionNode = FALSE
	EndGlobalSection
	GlobalSection(ExtensibilityGlobals) = postSolution
		SolutionGuid = {DCF9FE50-C0F7-4BAE-B89E-C48D58D2EEC9}
	EndGlobalSection
EndGlobal
