
Microsoft Visual Studio Solution File, Format Version 12.00
# Visual Studio 15
VisualStudioVersion = 15.0.27703.2042
MinimumVisualStudioVersion = 10.0.40219.1
Project("{FAE04EC0-301F-11D3-BF4B-00C04F79EFBC}") = "InheritanceEg2", "InheritanceEg2\InheritanceEg2.csproj", "{C8B7E11C-DA04-4B97-B140-1AE3625AD0CE}"
EndProject
Project("{FAE04EC0-301F-11D3-BF4B-00C04F79EFBC}") = "ExceptionHandlingEg", "ExceptionHandlingEg\ExceptionHandlingEg.csproj", "{E80F1374-D2AD-4D67-9486-DA672A5782F4}"
EndProject
Project("{FAE04EC0-301F-11D3-BF4B-00C04F79EFBC}") = "Additional", "Additional\Additional.csproj", "{6371EAF2-0563-4E08-BE46-BDBD505AAA62}"
EndProject
Project("{FAE04EC0-301F-11D3-BF4B-00C04F79EFBC}") = "GenericsConcept", "GenericsConcept\GenericsConcept.csproj", "{243EC2A4-4991-4AD6-9297-5BF7CC42B73A}"
EndProject
Global
	GlobalSection(SolutionConfigurationPlatforms) = preSolution
		Debug|Any CPU = Debug|Any CPU
		Release|Any CPU = Release|Any CPU
	EndGlobalSection
	GlobalSection(ProjectConfigurationPlatforms) = postSolution
		{C8B7E11C-DA04-4B97-B140-1AE3625AD0CE}.Debug|Any CPU.ActiveCfg = Debug|Any CPU
		{C8B7E11C-DA04-4B97-B140-1AE3625AD0CE}.Debug|Any CPU.Build.0 = Debug|Any CPU
		{C8B7E11C-DA04-4B97-B140-1AE3625AD0CE}.Release|Any CPU.ActiveCfg = Release|Any CPU
		{C8B7E11C-DA04-4B97-B140-1AE3625AD0CE}.Release|Any CPU.Build.0 = Release|Any CPU
		{E80F1374-D2AD-4D67-9486-DA672A5782F4}.Debug|Any CPU.ActiveCfg = Debug|Any CPU
		{E80F1374-D2AD-4D67-9486-DA672A5782F4}.Debug|Any CPU.Build.0 = Debug|Any CPU
		{E80F1374-D2AD-4D67-9486-DA672A5782F4}.Release|Any CPU.ActiveCfg = Release|Any CPU
		{E80F1374-D2AD-4D67-9486-DA672A5782F4}.Release|Any CPU.Build.0 = Release|Any CPU
		{6371EAF2-0563-4E08-BE46-BDBD505AAA62}.Debug|Any CPU.ActiveCfg = Debug|Any CPU
		{6371EAF2-0563-4E08-BE46-BDBD505AAA62}.Debug|Any CPU.Build.0 = Debug|Any CPU
		{6371EAF2-0563-4E08-BE46-BDBD505AAA62}.Release|Any CPU.ActiveCfg = Release|Any CPU
		{6371EAF2-0563-4E08-BE46-BDBD505AAA62}.Release|Any CPU.Build.0 = Release|Any CPU
		{243EC2A4-4991-4AD6-9297-5BF7CC42B73A}.Debug|Any CPU.ActiveCfg = Debug|Any CPU
		{243EC2A4-4991-4AD6-9297-5BF7CC42B73A}.Debug|Any CPU.Build.0 = Debug|Any CPU
		{243EC2A4-4991-4AD6-9297-5BF7CC42B73A}.Release|Any CPU.ActiveCfg = Release|Any CPU
		{243EC2A4-4991-4AD6-9297-5BF7CC42B73A}.Release|Any CPU.Build.0 = Release|Any CPU
	EndGlobalSection
	GlobalSection(SolutionProperties) = preSolution
		HideSolutionNode = FALSE
	EndGlobalSection
	GlobalSection(ExtensibilityGlobals) = postSolution
		SolutionGuid = {2BA4EA09-A204-4CCC-B639-813277718CC3}
	EndGlobalSection
EndGlobal
